
Microsoft Visual Studio Solution File, Format Version 12.00
# Visual Studio Version 17
VisualStudioVersion = 17.2.32630.192
MinimumVisualStudioVersion = 10.0.40219.1
Project("{9A19103F-16F7-4668-BE54-9A1E7A4F7556}") = "VL.CEF.Core", "VL.CEF.Core\VL.CEF.Core.csproj", "{49EACB12-13B3-4978-BC70-34A2DACDA542}"
EndProject
Project("{9A19103F-16F7-4668-BE54-9A1E7A4F7556}") = "VL.CEF", "VL.CEF\VL.CEF.csproj", "{E8A89DC2-4116-40BA-B0B2-48A8372627E2}"
EndProject
Project("{2150E333-8FDC-42A3-9474-1A3956D46DE8}") = "build", "build", "{AC4B68B4-6878-49AB-84D6-CA0EF533C9C1}"
	ProjectSection(SolutionItems) = preProject
		Directory.Build.props = Directory.Build.props
		NuGet.config = NuGet.config
		..\README.md = ..\README.md
	EndProjectSection
EndProject
Project("{9A19103F-16F7-4668-BE54-9A1E7A4F7556}") = "VL.CEF.Renderer", "VL.CEF.Renderer\VL.CEF.Renderer.csproj", "{D13D1441-EDD2-4EFC-ADAE-4373D8EAB626}"
EndProject
Global
	GlobalSection(SolutionConfigurationPlatforms) = preSolution
		Debug|Any CPU = Debug|Any CPU
		Debug|x64 = Debug|x64
		Debug|x86 = Debug|x86
		Release|Any CPU = Release|Any CPU
		Release|x64 = Release|x64
		Release|x86 = Release|x86
	EndGlobalSection
	GlobalSection(ProjectConfigurationPlatforms) = postSolution
		{49EACB12-13B3-4978-BC70-34A2DACDA542}.Debug|Any CPU.ActiveCfg = Debug|x64
		{49EACB12-13B3-4978-BC70-34A2DACDA542}.Debug|Any CPU.Build.0 = Debug|x64
		{49EACB12-13B3-4978-BC70-34A2DACDA542}.Debug|x64.ActiveCfg = Debug|x64
		{49EACB12-13B3-4978-BC70-34A2DACDA542}.Debug|x64.Build.0 = Debug|x64
		{49EACB12-13B3-4978-BC70-34A2DACDA542}.Debug|x86.ActiveCfg = Debug|x86
		{49EACB12-13B3-4978-BC70-34A2DACDA542}.Debug|x86.Build.0 = Debug|x86
		{49EACB12-13B3-4978-BC70-34A2DACDA542}.Release|Any CPU.ActiveCfg = Release|x64
		{49EACB12-13B3-4978-BC70-34A2DACDA542}.Release|Any CPU.Build.0 = Release|x64
		{49EACB12-13B3-4978-BC70-34A2DACDA542}.Release|x64.ActiveCfg = Release|x64
		{49EACB12-13B3-4978-BC70-34A2DACDA542}.Release|x64.Build.0 = Release|x64
		{49EACB12-13B3-4978-BC70-34A2DACDA542}.Release|x86.ActiveCfg = Release|x86
		{49EACB12-13B3-4978-BC70-34A2DACDA542}.Release|x86.Build.0 = Release|x86
		{E8A89DC2-4116-40BA-B0B2-48A8372627E2}.Debug|Any CPU.ActiveCfg = Debug|x64
		{E8A89DC2-4116-40BA-B0B2-48A8372627E2}.Debug|Any CPU.Build.0 = Debug|x64
		{E8A89DC2-4116-40BA-B0B2-48A8372627E2}.Debug|x64.ActiveCfg = Debug|x64
		{E8A89DC2-4116-40BA-B0B2-48A8372627E2}.Debug|x64.Build.0 = Debug|x64
		{E8A89DC2-4116-40BA-B0B2-48A8372627E2}.Debug|x86.ActiveCfg = Debug|x86
		{E8A89DC2-4116-40BA-B0B2-48A8372627E2}.Debug|x86.Build.0 = Debug|x86
		{E8A89DC2-4116-40BA-B0B2-48A8372627E2}.Release|Any CPU.ActiveCfg = Release|x64
		{E8A89DC2-4116-40BA-B0B2-48A8372627E2}.Release|Any CPU.Build.0 = Release|x64
		{E8A89DC2-4116-40BA-B0B2-48A8372627E2}.Release|x64.ActiveCfg = Release|x64
		{E8A89DC2-4116-40BA-B0B2-48A8372627E2}.Release|x64.Build.0 = Release|x64
		{E8A89DC2-4116-40BA-B0B2-48A8372627E2}.Release|x86.ActiveCfg = Release|x86
		{E8A89DC2-4116-40BA-B0B2-48A8372627E2}.Release|x86.Build.0 = Release|x86
		{D13D1441-EDD2-4EFC-ADAE-4373D8EAB626}.Debug|Any CPU.ActiveCfg = Debug|x64
		{D13D1441-EDD2-4EFC-ADAE-4373D8EAB626}.Debug|Any CPU.Build.0 = Debug|x64
		{D13D1441-EDD2-4EFC-ADAE-4373D8EAB626}.Debug|x64.ActiveCfg = Debug|x64
		{D13D1441-EDD2-4EFC-ADAE-4373D8EAB626}.Debug|x64.Build.0 = Debug|x64
		{D13D1441-EDD2-4EFC-ADAE-4373D8EAB626}.Debug|x86.ActiveCfg = Debug|x86
		{D13D1441-EDD2-4EFC-ADAE-4373D8EAB626}.Debug|x86.Build.0 = Debug|x86
		{D13D1441-EDD2-4EFC-ADAE-4373D8EAB626}.Release|Any CPU.ActiveCfg = Release|x64
		{D13D1441-EDD2-4EFC-ADAE-4373D8EAB626}.Release|Any CPU.Build.0 = Release|x64
		{D13D1441-EDD2-4EFC-ADAE-4373D8EAB626}.Release|x64.ActiveCfg = Release|x64
		{D13D1441-EDD2-4EFC-ADAE-4373D8EAB626}.Release|x64.Build.0 = Release|x64
		{D13D1441-EDD2-4EFC-ADAE-4373D8EAB626}.Release|x86.ActiveCfg = Release|x86
		{D13D1441-EDD2-4EFC-ADAE-4373D8EAB626}.Release|x86.Build.0 = Release|x86
	EndGlobalSection
	GlobalSection(SolutionProperties) = preSolution
		HideSolutionNode = FALSE
	EndGlobalSection
	GlobalSection(ExtensibilityGlobals) = postSolution
		SolutionGuid = {BAD05ED7-6A46-47E7-8335-26142FEAF46D}
	EndGlobalSection
EndGlobal
